
Microsoft Visual Studio Solution File, Format Version 12.00
# Visual Studio Version 17
VisualStudioVersion = 17.1.32414.318
MinimumVisualStudioVersion = 10.0.40219.1
Project("{FAE04EC0-301F-11D3-BF4B-00C04F79EFBC}") = "Kolokwium_poprawa", "Kolokwium_poprawa.csproj", "{781E83EE-D613-4AA5-AF82-CED9F2981C7A}"
EndProject
Global
	GlobalSection(SolutionConfigurationPlatforms) = preSolution
		Debug|Any CPU = Debug|Any CPU
		Release|Any CPU = Release|Any CPU
	EndGlobalSection
	GlobalSection(ProjectConfigurationPlatforms) = postSolution
		{781E83EE-D613-4AA5-AF82-CED9F2981C7A}.Debug|Any CPU.ActiveCfg = Debug|Any CPU
		{781E83EE-D613-4AA5-AF82-CED9F2981C7A}.Debug|Any CPU.Build.0 = Debug|Any CPU
		{781E83EE-D613-4AA5-AF82-CED9F2981C7A}.Release|Any CPU.ActiveCfg = Release|Any CPU
		{781E83EE-D613-4AA5-AF82-CED9F2981C7A}.Release|Any CPU.Build.0 = Release|Any CPU
	EndGlobalSection
	GlobalSection(SolutionProperties) = preSolution
		HideSolutionNode = FALSE
	EndGlobalSection
	GlobalSection(ExtensibilityGlobals) = postSolution
		SolutionGuid = {9FA5C73B-9D86-4DB7-B7C1-8BBB62EEDE27}
	EndGlobalSection
EndGlobal
